// !$*UTF8*$!
{
	archiveVersion = 1;
	classes = {
	};
	objectVersion = 56;
	objects = {

/* Begin PBXBuildFile section */
		401B68B12AFA7C7500281D6B /* Theme.swift in Sources */ = {isa = PBXBuildFile; fileRef = 401B68B02AFA7C7500281D6B /* Theme.swift */; };
		401B68B22AFA7C7500281D6B /* Theme.swift in Sources */ = {isa = PBXBuildFile; fileRef = 401B68B02AFA7C7500281D6B /* Theme.swift */; };
		401B68B52AFBD7BE00281D6B /* CountdownSmallWidgetView.swift in Sources */ = {isa = PBXBuildFile; fileRef = 401B68B32AFBD7BE00281D6B /* CountdownSmallWidgetView.swift */; };
		401C0FFA2B0FBE7300EE6CF0 /* CountdownListView.swift in Sources */ = {isa = PBXBuildFile; fileRef = 401C0FF92B0FBE7300EE6CF0 /* CountdownListView.swift */; };
		401C0FFD2B10E22400EE6CF0 /* CountdownMediumWidgetView.swift in Sources */ = {isa = PBXBuildFile; fileRef = 401C0FFB2B10E22300EE6CF0 /* CountdownMediumWidgetView.swift */; };
		4033C3C72B3F213D00103933 /* FidgetyWidgetView.swift in Sources */ = {isa = PBXBuildFile; fileRef = 4033C3C62B3F213C00103933 /* FidgetyWidgetView.swift */; };
		4033C3CA2B3F909600103933 /* Fidgets.swift in Sources */ = {isa = PBXBuildFile; fileRef = 4033C3C92B3F909600103933 /* Fidgets.swift */; };
		4033C3CB2B3F909600103933 /* Fidgets.swift in Sources */ = {isa = PBXBuildFile; fileRef = 4033C3C92B3F909600103933 /* Fidgets.swift */; };
		4033C3CC2B40683600103933 /* FidgetyWidget.swift in Sources */ = {isa = PBXBuildFile; fileRef = 4033C3C42B3F200B00103933 /* FidgetyWidget.swift */; };
		4033C3D02B421FA500103933 /* FidgetyIntent.swift in Sources */ = {isa = PBXBuildFile; fileRef = 4033C3CD2B42174600103933 /* FidgetyIntent.swift */; };
		4033C3D12B421FA900103933 /* FidgetyIntent.swift in Sources */ = {isa = PBXBuildFile; fileRef = 4033C3CD2B42174600103933 /* FidgetyIntent.swift */; };
		40393B6D2B2DBE5900F91AD7 /* Affirmations.swift in Sources */ = {isa = PBXBuildFile; fileRef = 40393B6C2B2DBE5900F91AD7 /* Affirmations.swift */; };
		40393B702B2DC26B00F91AD7 /* AffirmationWidget.swift in Sources */ = {isa = PBXBuildFile; fileRef = 40393B6F2B2DC26B00F91AD7 /* AffirmationWidget.swift */; };
		40393B732B2DC49D00F91AD7 /* AffirmationWidgetView.swift in Sources */ = {isa = PBXBuildFile; fileRef = 40393B712B2DC49D00F91AD7 /* AffirmationWidgetView.swift */; };
		40393B772B2DCDEF00F91AD7 /* AffirmationListView.swift in Sources */ = {isa = PBXBuildFile; fileRef = 40393B762B2DCDEF00F91AD7 /* AffirmationListView.swift */; };
		40393B792B2DD01F00F91AD7 /* AffirmationContentView.swift in Sources */ = {isa = PBXBuildFile; fileRef = 40393B782B2DD01F00F91AD7 /* AffirmationContentView.swift */; };
		40393B7B2B2DD0B800F91AD7 /* AffirmationDetailView.swift in Sources */ = {isa = PBXBuildFile; fileRef = 40393B7A2B2DD0B800F91AD7 /* AffirmationDetailView.swift */; };
		40393B7C2B2DD12B00F91AD7 /* AffirmationWidgetView.swift in Sources */ = {isa = PBXBuildFile; fileRef = 40393B712B2DC49D00F91AD7 /* AffirmationWidgetView.swift */; };
		40393B7D2B2DF62200F91AD7 /* Affirmations.swift in Sources */ = {isa = PBXBuildFile; fileRef = 40393B6C2B2DBE5900F91AD7 /* Affirmations.swift */; };
		40C4E7F02AF817D00067CA63 /* WidgetyApp.swift in Sources */ = {isa = PBXBuildFile; fileRef = 40C4E7EF2AF817D00067CA63 /* WidgetyApp.swift */; };
		40C4E7F22AF817D00067CA63 /* CountdownContentView.swift in Sources */ = {isa = PBXBuildFile; fileRef = 40C4E7F12AF817D00067CA63 /* CountdownContentView.swift */; };
		40C4E7F42AF817D30067CA63 /* Assets.xcassets in Resources */ = {isa = PBXBuildFile; fileRef = 40C4E7F32AF817D30067CA63 /* Assets.xcassets */; };
		40C4E7F82AF817D30067CA63 /* Preview Assets.xcassets in Resources */ = {isa = PBXBuildFile; fileRef = 40C4E7F72AF817D30067CA63 /* Preview Assets.xcassets */; };
		40C4E8052AF818540067CA63 /* WidgetKit.framework in Frameworks */ = {isa = PBXBuildFile; fileRef = 40C4E8042AF818540067CA63 /* WidgetKit.framework */; };
		40C4E8072AF818540067CA63 /* SwiftUI.framework in Frameworks */ = {isa = PBXBuildFile; fileRef = 40C4E8062AF818540067CA63 /* SwiftUI.framework */; };
		40C4E80A2AF818540067CA63 /* WidgetyWidgetBundle.swift in Sources */ = {isa = PBXBuildFile; fileRef = 40C4E8092AF818540067CA63 /* WidgetyWidgetBundle.swift */; };
		40C4E80C2AF818540067CA63 /* CountdownWidget.swift in Sources */ = {isa = PBXBuildFile; fileRef = 40C4E80B2AF818540067CA63 /* CountdownWidget.swift */; };
		40C4E80E2AF818540067CA63 /* CountdownConfigAppIntent.swift in Sources */ = {isa = PBXBuildFile; fileRef = 40C4E80D2AF818540067CA63 /* CountdownConfigAppIntent.swift */; };
		40C4E8102AF818590067CA63 /* Assets.xcassets in Resources */ = {isa = PBXBuildFile; fileRef = 40C4E80F2AF818590067CA63 /* Assets.xcassets */; };
		40C4E8142AF818590067CA63 /* WidgetyWidgetExtension.appex in Embed Foundation Extensions */ = {isa = PBXBuildFile; fileRef = 40C4E8022AF818540067CA63 /* WidgetyWidgetExtension.appex */; settings = {ATTRIBUTES = (RemoveHeadersOnCopy, ); }; };
		40C4E81A2AF8F5670067CA63 /* CountdownDetailView.swift in Sources */ = {isa = PBXBuildFile; fileRef = 40C4E8192AF8F5660067CA63 /* CountdownDetailView.swift */; };
		40C4E81C2AF90A980067CA63 /* Events.swift in Sources */ = {isa = PBXBuildFile; fileRef = 40C4E81B2AF90A980067CA63 /* Events.swift */; };
		40C4E81D2AF90A980067CA63 /* Events.swift in Sources */ = {isa = PBXBuildFile; fileRef = 40C4E81B2AF90A980067CA63 /* Events.swift */; };
		40EF22B02B389E12003EF11C /* CountdownSmallWidgetView.swift in Sources */ = {isa = PBXBuildFile; fileRef = 401B68B32AFBD7BE00281D6B /* CountdownSmallWidgetView.swift */; };
/* End PBXBuildFile section */

/* Begin PBXContainerItemProxy section */
		40C4E8122AF818590067CA63 /* PBXContainerItemProxy */ = {
			isa = PBXContainerItemProxy;
			containerPortal = 40C4E7E42AF817D00067CA63 /* Project object */;
			proxyType = 1;
			remoteGlobalIDString = 40C4E8012AF818540067CA63;
			remoteInfo = WidgetyWidgetExtension;
		};
/* End PBXContainerItemProxy section */

/* Begin PBXCopyFilesBuildPhase section */
		40C4E8182AF818590067CA63 /* Embed Foundation Extensions */ = {
			isa = PBXCopyFilesBuildPhase;
			buildActionMask = 2147483647;
			dstPath = "";
			dstSubfolderSpec = 13;
			files = (
				40C4E8142AF818590067CA63 /* WidgetyWidgetExtension.appex in Embed Foundation Extensions */,
			);
			name = "Embed Foundation Extensions";
			runOnlyForDeploymentPostprocessing = 0;
		};
/* End PBXCopyFilesBuildPhase section */

/* Begin PBXFileReference section */
		401B68B02AFA7C7500281D6B /* Theme.swift */ = {isa = PBXFileReference; lastKnownFileType = sourcecode.swift; path = Theme.swift; sourceTree = "<group>"; };
		401B68B32AFBD7BE00281D6B /* CountdownSmallWidgetView.swift */ = {isa = PBXFileReference; lastKnownFileType = sourcecode.swift; path = CountdownSmallWidgetView.swift; sourceTree = "<group>"; };
		401C0FF92B0FBE7300EE6CF0 /* CountdownListView.swift */ = {isa = PBXFileReference; lastKnownFileType = sourcecode.swift; path = CountdownListView.swift; sourceTree = "<group>"; };
		401C0FFB2B10E22300EE6CF0 /* CountdownMediumWidgetView.swift */ = {isa = PBXFileReference; lastKnownFileType = sourcecode.swift; path = CountdownMediumWidgetView.swift; sourceTree = "<group>"; };
		4033C3C42B3F200B00103933 /* FidgetyWidget.swift */ = {isa = PBXFileReference; lastKnownFileType = sourcecode.swift; path = FidgetyWidget.swift; sourceTree = "<group>"; };
		4033C3C62B3F213C00103933 /* FidgetyWidgetView.swift */ = {isa = PBXFileReference; lastKnownFileType = sourcecode.swift; path = FidgetyWidgetView.swift; sourceTree = "<group>"; };
		4033C3C92B3F909600103933 /* Fidgets.swift */ = {isa = PBXFileReference; lastKnownFileType = sourcecode.swift; path = Fidgets.swift; sourceTree = "<group>"; };
		4033C3CD2B42174600103933 /* FidgetyIntent.swift */ = {isa = PBXFileReference; lastKnownFileType = sourcecode.swift; name = FidgetyIntent.swift; path = WidgetyWidget/FidgetyIntent.swift; sourceTree = SOURCE_ROOT; };
		40393B6C2B2DBE5900F91AD7 /* Affirmations.swift */ = {isa = PBXFileReference; lastKnownFileType = sourcecode.swift; path = Affirmations.swift; sourceTree = "<group>"; };
		40393B6F2B2DC26B00F91AD7 /* AffirmationWidget.swift */ = {isa = PBXFileReference; lastKnownFileType = sourcecode.swift; path = AffirmationWidget.swift; sourceTree = "<group>"; };
		40393B712B2DC49D00F91AD7 /* AffirmationWidgetView.swift */ = {isa = PBXFileReference; lastKnownFileType = sourcecode.swift; path = AffirmationWidgetView.swift; sourceTree = "<group>"; };
		40393B762B2DCDEF00F91AD7 /* AffirmationListView.swift */ = {isa = PBXFileReference; lastKnownFileType = sourcecode.swift; path = AffirmationListView.swift; sourceTree = "<group>"; };
		40393B782B2DD01F00F91AD7 /* AffirmationContentView.swift */ = {isa = PBXFileReference; lastKnownFileType = sourcecode.swift; path = AffirmationContentView.swift; sourceTree = "<group>"; };
		40393B7A2B2DD0B800F91AD7 /* AffirmationDetailView.swift */ = {isa = PBXFileReference; lastKnownFileType = sourcecode.swift; path = AffirmationDetailView.swift; sourceTree = "<group>"; };
		40393B7F2B2F4ED300F91AD7 /* Info.plist */ = {isa = PBXFileReference; lastKnownFileType = text.plist; path = Info.plist; sourceTree = "<group>"; };
		40C4E7EC2AF817D00067CA63 /* Widgety.app */ = {isa = PBXFileReference; explicitFileType = wrapper.application; includeInIndex = 0; path = Widgety.app; sourceTree = BUILT_PRODUCTS_DIR; };
		40C4E7EF2AF817D00067CA63 /* WidgetyApp.swift */ = {isa = PBXFileReference; lastKnownFileType = sourcecode.swift; path = WidgetyApp.swift; sourceTree = "<group>"; };
		40C4E7F12AF817D00067CA63 /* CountdownContentView.swift */ = {isa = PBXFileReference; lastKnownFileType = sourcecode.swift; path = CountdownContentView.swift; sourceTree = "<group>"; };
		40C4E7F32AF817D30067CA63 /* Assets.xcassets */ = {isa = PBXFileReference; lastKnownFileType = folder.assetcatalog; path = Assets.xcassets; sourceTree = "<group>"; };
		40C4E7F52AF817D30067CA63 /* Widgety.entitlements */ = {isa = PBXFileReference; lastKnownFileType = text.plist.entitlements; path = Widgety.entitlements; sourceTree = "<group>"; };
		40C4E7F72AF817D30067CA63 /* Preview Assets.xcassets */ = {isa = PBXFileReference; lastKnownFileType = folder.assetcatalog; path = "Preview Assets.xcassets"; sourceTree = "<group>"; };
		40C4E8022AF818540067CA63 /* WidgetyWidgetExtension.appex */ = {isa = PBXFileReference; explicitFileType = "wrapper.app-extension"; includeInIndex = 0; path = WidgetyWidgetExtension.appex; sourceTree = BUILT_PRODUCTS_DIR; };
		40C4E8042AF818540067CA63 /* WidgetKit.framework */ = {isa = PBXFileReference; lastKnownFileType = wrapper.framework; name = WidgetKit.framework; path = System/Library/Frameworks/WidgetKit.framework; sourceTree = SDKROOT; };
		40C4E8062AF818540067CA63 /* SwiftUI.framework */ = {isa = PBXFileReference; lastKnownFileType = wrapper.framework; name = SwiftUI.framework; path = System/Library/Frameworks/SwiftUI.framework; sourceTree = SDKROOT; };
		40C4E8092AF818540067CA63 /* WidgetyWidgetBundle.swift */ = {isa = PBXFileReference; lastKnownFileType = sourcecode.swift; path = WidgetyWidgetBundle.swift; sourceTree = "<group>"; };
		40C4E80B2AF818540067CA63 /* CountdownWidget.swift */ = {isa = PBXFileReference; lastKnownFileType = sourcecode.swift; path = CountdownWidget.swift; sourceTree = "<group>"; };
		40C4E80D2AF818540067CA63 /* CountdownConfigAppIntent.swift */ = {isa = PBXFileReference; lastKnownFileType = sourcecode.swift; path = CountdownConfigAppIntent.swift; sourceTree = "<group>"; };
		40C4E80F2AF818590067CA63 /* Assets.xcassets */ = {isa = PBXFileReference; lastKnownFileType = folder.assetcatalog; path = Assets.xcassets; sourceTree = "<group>"; };
		40C4E8112AF818590067CA63 /* Info.plist */ = {isa = PBXFileReference; lastKnownFileType = text.plist.xml; path = Info.plist; sourceTree = "<group>"; };
		40C4E8192AF8F5660067CA63 /* CountdownDetailView.swift */ = {isa = PBXFileReference; lastKnownFileType = sourcecode.swift; path = CountdownDetailView.swift; sourceTree = "<group>"; };
		40C4E81B2AF90A980067CA63 /* Events.swift */ = {isa = PBXFileReference; lastKnownFileType = sourcecode.swift; path = Events.swift; sourceTree = "<group>"; };
		40C4E81E2AF916640067CA63 /* WidgetyWidgetExtension.entitlements */ = {isa = PBXFileReference; lastKnownFileType = text.plist.entitlements; path = WidgetyWidgetExtension.entitlements; sourceTree = "<group>"; };
/* End PBXFileReference section */

/* Begin PBXFrameworksBuildPhase section */
		40C4E7E92AF817D00067CA63 /* Frameworks */ = {
			isa = PBXFrameworksBuildPhase;
			buildActionMask = 2147483647;
			files = (
			);
			runOnlyForDeploymentPostprocessing = 0;
		};
		40C4E7FF2AF818540067CA63 /* Frameworks */ = {
			isa = PBXFrameworksBuildPhase;
			buildActionMask = 2147483647;
			files = (
				40C4E8072AF818540067CA63 /* SwiftUI.framework in Frameworks */,
				40C4E8052AF818540067CA63 /* WidgetKit.framework in Frameworks */,
			);
			runOnlyForDeploymentPostprocessing = 0;
		};
/* End PBXFrameworksBuildPhase section */

/* Begin PBXGroup section */
		400A7C122B389AF6000A9F99 /* Countdowns */ = {
			isa = PBXGroup;
			children = (
				40C4E7F12AF817D00067CA63 /* CountdownContentView.swift */,
				401C0FF92B0FBE7300EE6CF0 /* CountdownListView.swift */,
				40C4E8192AF8F5660067CA63 /* CountdownDetailView.swift */,
				40C4E81B2AF90A980067CA63 /* Events.swift */,
			);
			name = Countdowns;
			sourceTree = "<group>";
		};
		4033C3C32B3F1FDA00103933 /* Fidgety */ = {
			isa = PBXGroup;
			children = (
				4033C3C42B3F200B00103933 /* FidgetyWidget.swift */,
				4033C3C62B3F213C00103933 /* FidgetyWidgetView.swift */,
				4033C3CD2B42174600103933 /* FidgetyIntent.swift */,
			);
			name = Fidgety;
			sourceTree = "<group>";
		};
		4033C3C82B3F903A00103933 /* Fidgety */ = {
			isa = PBXGroup;
			children = (
				4033C3C92B3F909600103933 /* Fidgets.swift */,
			);
			name = Fidgety;
			sourceTree = "<group>";
		};
		40393B742B2DC68500F91AD7 /* Affirmation */ = {
			isa = PBXGroup;
			children = (
				40393B6F2B2DC26B00F91AD7 /* AffirmationWidget.swift */,
				40393B712B2DC49D00F91AD7 /* AffirmationWidgetView.swift */,
			);
			name = Affirmation;
			sourceTree = "<group>";
		};
		40393B752B2DCDC500F91AD7 /* Affirmation */ = {
			isa = PBXGroup;
			children = (
				40393B782B2DD01F00F91AD7 /* AffirmationContentView.swift */,
				40393B762B2DCDEF00F91AD7 /* AffirmationListView.swift */,
				40393B7A2B2DD0B800F91AD7 /* AffirmationDetailView.swift */,
				40393B6C2B2DBE5900F91AD7 /* Affirmations.swift */,
			);
			name = Affirmation;
			sourceTree = "<group>";
		};
		40C4E7E32AF817D00067CA63 = {
			isa = PBXGroup;
			children = (
				40C4E81E2AF916640067CA63 /* WidgetyWidgetExtension.entitlements */,
				40C4E7EE2AF817D00067CA63 /* Widgety */,
				40C4E8082AF818540067CA63 /* WidgetyWidget */,
				40C4E8032AF818540067CA63 /* Frameworks */,
				40C4E7ED2AF817D00067CA63 /* Products */,
			);
			sourceTree = "<group>";
		};
		40C4E7ED2AF817D00067CA63 /* Products */ = {
			isa = PBXGroup;
			children = (
				40C4E7EC2AF817D00067CA63 /* Widgety.app */,
				40C4E8022AF818540067CA63 /* WidgetyWidgetExtension.appex */,
			);
			name = Products;
			sourceTree = "<group>";
		};
		40C4E7EE2AF817D00067CA63 /* Widgety */ = {
			isa = PBXGroup;
			children = (
				40393B7F2B2F4ED300F91AD7 /* Info.plist */,
				40C4E7EF2AF817D00067CA63 /* WidgetyApp.swift */,
				4033C3C82B3F903A00103933 /* Fidgety */,
				400A7C122B389AF6000A9F99 /* Countdowns */,
				40393B752B2DCDC500F91AD7 /* Affirmation */,
				401B68B02AFA7C7500281D6B /* Theme.swift */,
				40C4E7F32AF817D30067CA63 /* Assets.xcassets */,
				40C4E7F52AF817D30067CA63 /* Widgety.entitlements */,
				40C4E7F62AF817D30067CA63 /* Preview Content */,
			);
			path = Widgety;
			sourceTree = "<group>";
		};
		40C4E7F62AF817D30067CA63 /* Preview Content */ = {
			isa = PBXGroup;
			children = (
				40C4E7F72AF817D30067CA63 /* Preview Assets.xcassets */,
			);
			path = "Preview Content";
			sourceTree = "<group>";
		};
		40C4E8032AF818540067CA63 /* Frameworks */ = {
			isa = PBXGroup;
			children = (
				40C4E8042AF818540067CA63 /* WidgetKit.framework */,
				40C4E8062AF818540067CA63 /* SwiftUI.framework */,
			);
			name = Frameworks;
			sourceTree = "<group>";
		};
		40C4E8082AF818540067CA63 /* WidgetyWidget */ = {
			isa = PBXGroup;
			children = (
				40C4E8092AF818540067CA63 /* WidgetyWidgetBundle.swift */,
				4033C3C32B3F1FDA00103933 /* Fidgety */,
				40EF22AE2B389D55003EF11C /* Countdowns */,
				40393B742B2DC68500F91AD7 /* Affirmation */,
				40C4E80F2AF818590067CA63 /* Assets.xcassets */,
				40C4E8112AF818590067CA63 /* Info.plist */,
			);
			path = WidgetyWidget;
			sourceTree = "<group>";
		};
		40EF22AE2B389D55003EF11C /* Countdowns */ = {
			isa = PBXGroup;
			children = (
				40C4E80B2AF818540067CA63 /* CountdownWidget.swift */,
				40C4E80D2AF818540067CA63 /* CountdownConfigAppIntent.swift */,
				401B68B32AFBD7BE00281D6B /* CountdownSmallWidgetView.swift */,
				401C0FFB2B10E22300EE6CF0 /* CountdownMediumWidgetView.swift */,
			);
			name = Countdowns;
			sourceTree = "<group>";
		};
/* End PBXGroup section */

/* Begin PBXNativeTarget section */
		40C4E7EB2AF817D00067CA63 /* Widgety */ = {
			isa = PBXNativeTarget;
			buildConfigurationList = 40C4E7FB2AF817D30067CA63 /* Build configuration list for PBXNativeTarget "Widgety" */;
			buildPhases = (
				40C4E7E82AF817D00067CA63 /* Sources */,
				40C4E7E92AF817D00067CA63 /* Frameworks */,
				40C4E7EA2AF817D00067CA63 /* Resources */,
				40C4E8182AF818590067CA63 /* Embed Foundation Extensions */,
			);
			buildRules = (
			);
			dependencies = (
				40C4E8132AF818590067CA63 /* PBXTargetDependency */,
			);
			name = Widgety;
			productName = Widgety;
			productReference = 40C4E7EC2AF817D00067CA63 /* Widgety.app */;
			productType = "com.apple.product-type.application";
		};
		40C4E8012AF818540067CA63 /* WidgetyWidgetExtension */ = {
			isa = PBXNativeTarget;
			buildConfigurationList = 40C4E8152AF818590067CA63 /* Build configuration list for PBXNativeTarget "WidgetyWidgetExtension" */;
			buildPhases = (
				40C4E7FE2AF818540067CA63 /* Sources */,
				40C4E7FF2AF818540067CA63 /* Frameworks */,
				40C4E8002AF818540067CA63 /* Resources */,
			);
			buildRules = (
			);
			dependencies = (
			);
			name = WidgetyWidgetExtension;
			productName = WidgetyWidgetExtension;
			productReference = 40C4E8022AF818540067CA63 /* WidgetyWidgetExtension.appex */;
			productType = "com.apple.product-type.app-extension";
		};
/* End PBXNativeTarget section */

/* Begin PBXProject section */
		40C4E7E42AF817D00067CA63 /* Project object */ = {
			isa = PBXProject;
			attributes = {
				BuildIndependentTargetsInParallel = 1;
				LastSwiftUpdateCheck = 1500;
				LastUpgradeCheck = 1510;
				TargetAttributes = {
					40C4E7EB2AF817D00067CA63 = {
						CreatedOnToolsVersion = 15.0.1;
					};
					40C4E8012AF818540067CA63 = {
						CreatedOnToolsVersion = 15.0.1;
					};
				};
			};
			buildConfigurationList = 40C4E7E72AF817D00067CA63 /* Build configuration list for PBXProject "Widgety" */;
			compatibilityVersion = "Xcode 14.0";
			developmentRegion = en;
			hasScannedForEncodings = 0;
			knownRegions = (
				en,
				Base,
			);
			mainGroup = 40C4E7E32AF817D00067CA63;
			productRefGroup = 40C4E7ED2AF817D00067CA63 /* Products */;
			projectDirPath = "";
			projectRoot = "";
			targets = (
				40C4E7EB2AF817D00067CA63 /* Widgety */,
				40C4E8012AF818540067CA63 /* WidgetyWidgetExtension */,
			);
		};
/* End PBXProject section */

/* Begin PBXResourcesBuildPhase section */
		40C4E7EA2AF817D00067CA63 /* Resources */ = {
			isa = PBXResourcesBuildPhase;
			buildActionMask = 2147483647;
			files = (
				40C4E7F82AF817D30067CA63 /* Preview Assets.xcassets in Resources */,
				40C4E7F42AF817D30067CA63 /* Assets.xcassets in Resources */,
			);
			runOnlyForDeploymentPostprocessing = 0;
		};
		40C4E8002AF818540067CA63 /* Resources */ = {
			isa = PBXResourcesBuildPhase;
			buildActionMask = 2147483647;
			files = (
				40C4E8102AF818590067CA63 /* Assets.xcassets in Resources */,
			);
			runOnlyForDeploymentPostprocessing = 0;
		};
/* End PBXResourcesBuildPhase section */

/* Begin PBXSourcesBuildPhase section */
		40C4E7E82AF817D00067CA63 /* Sources */ = {
			isa = PBXSourcesBuildPhase;
			buildActionMask = 2147483647;
			files = (
				40393B7B2B2DD0B800F91AD7 /* AffirmationDetailView.swift in Sources */,
				40C4E81C2AF90A980067CA63 /* Events.swift in Sources */,
				40393B772B2DCDEF00F91AD7 /* AffirmationListView.swift in Sources */,
				40393B792B2DD01F00F91AD7 /* AffirmationContentView.swift in Sources */,
				4033C3CA2B3F909600103933 /* Fidgets.swift in Sources */,
				40C4E7F22AF817D00067CA63 /* CountdownContentView.swift in Sources */,
				40393B6D2B2DBE5900F91AD7 /* Affirmations.swift in Sources */,
				40EF22B02B389E12003EF11C /* CountdownSmallWidgetView.swift in Sources */,
				40393B7C2B2DD12B00F91AD7 /* AffirmationWidgetView.swift in Sources */,
				401B68B12AFA7C7500281D6B /* Theme.swift in Sources */,
				4033C3D12B421FA900103933 /* FidgetyIntent.swift in Sources */,
				401C0FFA2B0FBE7300EE6CF0 /* CountdownListView.swift in Sources */,
				40C4E81A2AF8F5670067CA63 /* CountdownDetailView.swift in Sources */,
				40C4E7F02AF817D00067CA63 /* WidgetyApp.swift in Sources */,
			);
			runOnlyForDeploymentPostprocessing = 0;
		};
		40C4E7FE2AF818540067CA63 /* Sources */ = {
			isa = PBXSourcesBuildPhase;
			buildActionMask = 2147483647;
			files = (
				40C4E81D2AF90A980067CA63 /* Events.swift in Sources */,
				40393B702B2DC26B00F91AD7 /* AffirmationWidget.swift in Sources */,
				4033C3C72B3F213D00103933 /* FidgetyWidgetView.swift in Sources */,
				40C4E80A2AF818540067CA63 /* WidgetyWidgetBundle.swift in Sources */,
				401C0FFD2B10E22400EE6CF0 /* CountdownMediumWidgetView.swift in Sources */,
				401B68B22AFA7C7500281D6B /* Theme.swift in Sources */,
				40C4E80C2AF818540067CA63 /* CountdownWidget.swift in Sources */,
				40393B732B2DC49D00F91AD7 /* AffirmationWidgetView.swift in Sources */,
				401B68B52AFBD7BE00281D6B /* CountdownSmallWidgetView.swift in Sources */,
				40393B7D2B2DF62200F91AD7 /* Affirmations.swift in Sources */,
				4033C3D02B421FA500103933 /* FidgetyIntent.swift in Sources */,
				4033C3CB2B3F909600103933 /* Fidgets.swift in Sources */,
				40C4E80E2AF818540067CA63 /* CountdownConfigAppIntent.swift in Sources */,
				4033C3CC2B40683600103933 /* FidgetyWidget.swift in Sources */,
			);
			runOnlyForDeploymentPostprocessing = 0;
		};
/* End PBXSourcesBuildPhase section */

/* Begin PBXTargetDependency section */
		40C4E8132AF818590067CA63 /* PBXTargetDependency */ = {
			isa = PBXTargetDependency;
			target = 40C4E8012AF818540067CA63 /* WidgetyWidgetExtension */;
			targetProxy = 40C4E8122AF818590067CA63 /* PBXContainerItemProxy */;
		};
/* End PBXTargetDependency section */

/* Begin XCBuildConfiguration section */
		40C4E7F92AF817D30067CA63 /* Debug */ = {
			isa = XCBuildConfiguration;
			buildSettings = {
				ALWAYS_SEARCH_USER_PATHS = NO;
				ASSETCATALOG_COMPILER_GENERATE_SWIFT_ASSET_SYMBOL_EXTENSIONS = YES;
				CLANG_ANALYZER_NONNULL = YES;
				CLANG_ANALYZER_NUMBER_OBJECT_CONVERSION = YES_AGGRESSIVE;
				CLANG_CXX_LANGUAGE_STANDARD = "gnu++20";
				CLANG_ENABLE_MODULES = YES;
				CLANG_ENABLE_OBJC_ARC = YES;
				CLANG_ENABLE_OBJC_WEAK = YES;
				CLANG_WARN_BLOCK_CAPTURE_AUTORELEASING = YES;
				CLANG_WARN_BOOL_CONVERSION = YES;
				CLANG_WARN_COMMA = YES;
				CLANG_WARN_CONSTANT_CONVERSION = YES;
				CLANG_WARN_DEPRECATED_OBJC_IMPLEMENTATIONS = YES;
				CLANG_WARN_DIRECT_OBJC_ISA_USAGE = YES_ERROR;
				CLANG_WARN_DOCUMENTATION_COMMENTS = YES;
				CLANG_WARN_EMPTY_BODY = YES;
				CLANG_WARN_ENUM_CONVERSION = YES;
				CLANG_WARN_INFINITE_RECURSION = YES;
				CLANG_WARN_INT_CONVERSION = YES;
				CLANG_WARN_NON_LITERAL_NULL_CONVERSION = YES;
				CLANG_WARN_OBJC_IMPLICIT_RETAIN_SELF = YES;
				CLANG_WARN_OBJC_LITERAL_CONVERSION = YES;
				CLANG_WARN_OBJC_ROOT_CLASS = YES_ERROR;
				CLANG_WARN_QUOTED_INCLUDE_IN_FRAMEWORK_HEADER = YES;
				CLANG_WARN_RANGE_LOOP_ANALYSIS = YES;
				CLANG_WARN_STRICT_PROTOTYPES = YES;
				CLANG_WARN_SUSPICIOUS_MOVE = YES;
				CLANG_WARN_UNGUARDED_AVAILABILITY = YES_AGGRESSIVE;
				CLANG_WARN_UNREACHABLE_CODE = YES;
				CLANG_WARN__DUPLICATE_METHOD_MATCH = YES;
				COPY_PHASE_STRIP = NO;
				DEAD_CODE_STRIPPING = YES;
				DEBUG_INFORMATION_FORMAT = dwarf;
				ENABLE_STRICT_OBJC_MSGSEND = YES;
				ENABLE_TESTABILITY = YES;
				ENABLE_USER_SCRIPT_SANDBOXING = YES;
				GCC_C_LANGUAGE_STANDARD = gnu17;
				GCC_DYNAMIC_NO_PIC = NO;
				GCC_NO_COMMON_BLOCKS = YES;
				GCC_OPTIMIZATION_LEVEL = 0;
				GCC_PREPROCESSOR_DEFINITIONS = (
					"DEBUG=1",
					"$(inherited)",
				);
				GCC_WARN_64_TO_32_BIT_CONVERSION = YES;
				GCC_WARN_ABOUT_RETURN_TYPE = YES_ERROR;
				GCC_WARN_UNDECLARED_SELECTOR = YES;
				GCC_WARN_UNINITIALIZED_AUTOS = YES_AGGRESSIVE;
				GCC_WARN_UNUSED_FUNCTION = YES;
				GCC_WARN_UNUSED_VARIABLE = YES;
				LOCALIZATION_PREFERS_STRING_CATALOGS = YES;
				MTL_ENABLE_DEBUG_INFO = INCLUDE_SOURCE;
				MTL_FAST_MATH = YES;
				ONLY_ACTIVE_ARCH = YES;
				SWIFT_ACTIVE_COMPILATION_CONDITIONS = "DEBUG $(inherited)";
				SWIFT_OPTIMIZATION_LEVEL = "-Onone";
			};
			name = Debug;
		};
		40C4E7FA2AF817D30067CA63 /* Release */ = {
			isa = XCBuildConfiguration;
			buildSettings = {
				ALWAYS_SEARCH_USER_PATHS = NO;
				ASSETCATALOG_COMPILER_GENERATE_SWIFT_ASSET_SYMBOL_EXTENSIONS = YES;
				CLANG_ANALYZER_NONNULL = YES;
				CLANG_ANALYZER_NUMBER_OBJECT_CONVERSION = YES_AGGRESSIVE;
				CLANG_CXX_LANGUAGE_STANDARD = "gnu++20";
				CLANG_ENABLE_MODULES = YES;
				CLANG_ENABLE_OBJC_ARC = YES;
				CLANG_ENABLE_OBJC_WEAK = YES;
				CLANG_WARN_BLOCK_CAPTURE_AUTORELEASING = YES;
				CLANG_WARN_BOOL_CONVERSION = YES;
				CLANG_WARN_COMMA = YES;
				CLANG_WARN_CONSTANT_CONVERSION = YES;
				CLANG_WARN_DEPRECATED_OBJC_IMPLEMENTATIONS = YES;
				CLANG_WARN_DIRECT_OBJC_ISA_USAGE = YES_ERROR;
				CLANG_WARN_DOCUMENTATION_COMMENTS = YES;
				CLANG_WARN_EMPTY_BODY = YES;
				CLANG_WARN_ENUM_CONVERSION = YES;
				CLANG_WARN_INFINITE_RECURSION = YES;
				CLANG_WARN_INT_CONVERSION = YES;
				CLANG_WARN_NON_LITERAL_NULL_CONVERSION = YES;
				CLANG_WARN_OBJC_IMPLICIT_RETAIN_SELF = YES;
				CLANG_WARN_OBJC_LITERAL_CONVERSION = YES;
				CLANG_WARN_OBJC_ROOT_CLASS = YES_ERROR;
				CLANG_WARN_QUOTED_INCLUDE_IN_FRAMEWORK_HEADER = YES;
				CLANG_WARN_RANGE_LOOP_ANALYSIS = YES;
				CLANG_WARN_STRICT_PROTOTYPES = YES;
				CLANG_WARN_SUSPICIOUS_MOVE = YES;
				CLANG_WARN_UNGUARDED_AVAILABILITY = YES_AGGRESSIVE;
				CLANG_WARN_UNREACHABLE_CODE = YES;
				CLANG_WARN__DUPLICATE_METHOD_MATCH = YES;
				COPY_PHASE_STRIP = NO;
				DEAD_CODE_STRIPPING = YES;
				DEBUG_INFORMATION_FORMAT = "dwarf-with-dsym";
				ENABLE_NS_ASSERTIONS = NO;
				ENABLE_STRICT_OBJC_MSGSEND = YES;
				ENABLE_USER_SCRIPT_SANDBOXING = YES;
				GCC_C_LANGUAGE_STANDARD = gnu17;
				GCC_NO_COMMON_BLOCKS = YES;
				GCC_WARN_64_TO_32_BIT_CONVERSION = YES;
				GCC_WARN_ABOUT_RETURN_TYPE = YES_ERROR;
				GCC_WARN_UNDECLARED_SELECTOR = YES;
				GCC_WARN_UNINITIALIZED_AUTOS = YES_AGGRESSIVE;
				GCC_WARN_UNUSED_FUNCTION = YES;
				GCC_WARN_UNUSED_VARIABLE = YES;
				LOCALIZATION_PREFERS_STRING_CATALOGS = YES;
				MTL_ENABLE_DEBUG_INFO = NO;
				MTL_FAST_MATH = YES;
				SWIFT_COMPILATION_MODE = wholemodule;
			};
			name = Release;
		};
		40C4E7FC2AF817D30067CA63 /* Debug */ = {
			isa = XCBuildConfiguration;
			buildSettings = {
				ALWAYS_EMBED_SWIFT_STANDARD_LIBRARIES = YES;
				ASSETCATALOG_COMPILER_APPICON_NAME = AppIcon;
				ASSETCATALOG_COMPILER_GLOBAL_ACCENT_COLOR_NAME = AccentColor;
				CODE_SIGN_ENTITLEMENTS = Widgety/Widgety.entitlements;
				CODE_SIGN_STYLE = Automatic;
				CURRENT_PROJECT_VERSION = 1.2.1;
				DEAD_CODE_STRIPPING = YES;
				DEVELOPMENT_ASSET_PATHS = "\"Widgety/Preview Content\"";
				DEVELOPMENT_TEAM = J59UG6Y638;
				ENABLE_HARDENED_RUNTIME = YES;
				ENABLE_PREVIEWS = YES;
				GENERATE_INFOPLIST_FILE = YES;
				INFOPLIST_FILE = Widgety/Info.plist;
				"INFOPLIST_KEY_UIApplicationSceneManifest_Generation[sdk=iphoneos*]" = YES;
				"INFOPLIST_KEY_UIApplicationSceneManifest_Generation[sdk=iphonesimulator*]" = YES;
				"INFOPLIST_KEY_UIApplicationSupportsIndirectInputEvents[sdk=iphoneos*]" = YES;
				"INFOPLIST_KEY_UIApplicationSupportsIndirectInputEvents[sdk=iphonesimulator*]" = YES;
				"INFOPLIST_KEY_UILaunchScreen_Generation[sdk=iphoneos*]" = YES;
				"INFOPLIST_KEY_UILaunchScreen_Generation[sdk=iphonesimulator*]" = YES;
				"INFOPLIST_KEY_UIStatusBarStyle[sdk=iphoneos*]" = UIStatusBarStyleDefault;
				"INFOPLIST_KEY_UIStatusBarStyle[sdk=iphonesimulator*]" = UIStatusBarStyleDefault;
				INFOPLIST_KEY_UISupportedInterfaceOrientations_iPad = "UIInterfaceOrientationPortrait UIInterfaceOrientationPortraitUpsideDown UIInterfaceOrientationLandscapeLeft UIInterfaceOrientationLandscapeRight";
				INFOPLIST_KEY_UISupportedInterfaceOrientations_iPhone = "UIInterfaceOrientationPortrait UIInterfaceOrientationLandscapeLeft UIInterfaceOrientationLandscapeRight";
				IPHONEOS_DEPLOYMENT_TARGET = 17.0;
				LD_RUNPATH_SEARCH_PATHS = "@executable_path/Frameworks";
				"LD_RUNPATH_SEARCH_PATHS[sdk=macosx*]" = "@executable_path/../Frameworks";
				MACOSX_DEPLOYMENT_TARGET = 13.6;
				MARKETING_VERSION = 1.2.1;
				PRODUCT_BUNDLE_IDENTIFIER = org.gawley.Widgety;
				PRODUCT_NAME = "$(TARGET_NAME)";
				SDKROOT = auto;
				SUPPORTED_PLATFORMS = "iphoneos iphonesimulator";
				SUPPORTS_MACCATALYST = NO;
				SWIFT_EMIT_LOC_STRINGS = YES;
				SWIFT_VERSION = 5.0;
				TARGETED_DEVICE_FAMILY = "1,2";
			};
			name = Debug;
		};
		40C4E7FD2AF817D30067CA63 /* Release */ = {
			isa = XCBuildConfiguration;
			buildSettings = {
				ALWAYS_EMBED_SWIFT_STANDARD_LIBRARIES = YES;
				ASSETCATALOG_COMPILER_APPICON_NAME = AppIcon;
				ASSETCATALOG_COMPILER_GLOBAL_ACCENT_COLOR_NAME = AccentColor;
				CODE_SIGN_ENTITLEMENTS = Widgety/Widgety.entitlements;
				CODE_SIGN_STYLE = Automatic;
				CURRENT_PROJECT_VERSION = 1.2.1;
				DEAD_CODE_STRIPPING = YES;
				DEVELOPMENT_ASSET_PATHS = "\"Widgety/Preview Content\"";
				DEVELOPMENT_TEAM = J59UG6Y638;
				ENABLE_HARDENED_RUNTIME = YES;
				ENABLE_PREVIEWS = YES;
				GENERATE_INFOPLIST_FILE = YES;
				INFOPLIST_FILE = Widgety/Info.plist;
				"INFOPLIST_KEY_UIApplicationSceneManifest_Generation[sdk=iphoneos*]" = YES;
				"INFOPLIST_KEY_UIApplicationSceneManifest_Generation[sdk=iphonesimulator*]" = YES;
				"INFOPLIST_KEY_UIApplicationSupportsIndirectInputEvents[sdk=iphoneos*]" = YES;
				"INFOPLIST_KEY_UIApplicationSupportsIndirectInputEvents[sdk=iphonesimulator*]" = YES;
				"INFOPLIST_KEY_UILaunchScreen_Generation[sdk=iphoneos*]" = YES;
				"INFOPLIST_KEY_UILaunchScreen_Generation[sdk=iphonesimulator*]" = YES;
				"INFOPLIST_KEY_UIStatusBarStyle[sdk=iphoneos*]" = UIStatusBarStyleDefault;
				"INFOPLIST_KEY_UIStatusBarStyle[sdk=iphonesimulator*]" = UIStatusBarStyleDefault;
				INFOPLIST_KEY_UISupportedInterfaceOrientations_iPad = "UIInterfaceOrientationPortrait UIInterfaceOrientationPortraitUpsideDown UIInterfaceOrientationLandscapeLeft UIInterfaceOrientationLandscapeRight";
				INFOPLIST_KEY_UISupportedInterfaceOrientations_iPhone = "UIInterfaceOrientationPortrait UIInterfaceOrientationLandscapeLeft UIInterfaceOrientationLandscapeRight";
				IPHONEOS_DEPLOYMENT_TARGET = 17.0;
				LD_RUNPATH_SEARCH_PATHS = "@executable_path/Frameworks";
				"LD_RUNPATH_SEARCH_PATHS[sdk=macosx*]" = "@executable_path/../Frameworks";
				MACOSX_DEPLOYMENT_TARGET = 13.6;
				MARKETING_VERSION = 1.2.1;
				PRODUCT_BUNDLE_IDENTIFIER = org.gawley.Widgety;
				PRODUCT_NAME = "$(TARGET_NAME)";
				SDKROOT = auto;
				SUPPORTED_PLATFORMS = "iphoneos iphonesimulator";
				SUPPORTS_MACCATALYST = NO;
				SWIFT_EMIT_LOC_STRINGS = YES;
				SWIFT_VERSION = 5.0;
				TARGETED_DEVICE_FAMILY = "1,2";
			};
			name = Release;
		};
		40C4E8162AF818590067CA63 /* Debug */ = {
			isa = XCBuildConfiguration;
			buildSettings = {
				ASSETCATALOG_COMPILER_GLOBAL_ACCENT_COLOR_NAME = AccentColor;
				ASSETCATALOG_COMPILER_WIDGET_BACKGROUND_COLOR_NAME = WidgetBackground;
				CODE_SIGN_ENTITLEMENTS = WidgetyWidgetExtension.entitlements;
				CODE_SIGN_STYLE = Automatic;
				CURRENT_PROJECT_VERSION = 1.2.1;
				DEVELOPMENT_TEAM = J59UG6Y638;
				GENERATE_INFOPLIST_FILE = YES;
				INFOPLIST_FILE = WidgetyWidget/Info.plist;
				INFOPLIST_KEY_CFBundleDisplayName = WidgetyWidget;
				INFOPLIST_KEY_NSHumanReadableCopyright = "";
				IPHONEOS_DEPLOYMENT_TARGET = 17.0;
				LD_RUNPATH_SEARCH_PATHS = (
					"$(inherited)",
					"@executable_path/Frameworks",
					"@executable_path/../../Frameworks",
				);
				MARKETING_VERSION = 1.2.1;
				PRODUCT_BUNDLE_IDENTIFIER = org.gawley.Widgety.WidgetyWidget;
				PRODUCT_NAME = "$(TARGET_NAME)";
				SDKROOT = iphoneos;
				SKIP_INSTALL = YES;
				SWIFT_EMIT_LOC_STRINGS = YES;
				SWIFT_VERSION = 5.0;
				TARGETED_DEVICE_FAMILY = "1,2";
			};
			name = Debug;
		};
		40C4E8172AF818590067CA63 /* Release */ = {
			isa = XCBuildConfiguration;
			buildSettings = {
				ASSETCATALOG_COMPILER_GLOBAL_ACCENT_COLOR_NAME = AccentColor;
				ASSETCATALOG_COMPILER_WIDGET_BACKGROUND_COLOR_NAME = WidgetBackground;
				CODE_SIGN_ENTITLEMENTS = WidgetyWidgetExtension.entitlements;
				CODE_SIGN_STYLE = Automatic;
				CURRENT_PROJECT_VERSION = 1.2.1;
				DEVELOPMENT_TEAM = J59UG6Y638;
				GENERATE_INFOPLIST_FILE = YES;
				INFOPLIST_FILE = WidgetyWidget/Info.plist;
				INFOPLIST_KEY_CFBundleDisplayName = WidgetyWidget;
				INFOPLIST_KEY_NSHumanReadableCopyright = "";
				IPHONEOS_DEPLOYMENT_TARGET = 17.0;
				LD_RUNPATH_SEARCH_PATHS = (
					"$(inherited)",
					"@executable_path/Frameworks",
					"@executable_path/../../Frameworks",
				);
				MARKETING_VERSION = 1.2.1;
				PRODUCT_BUNDLE_IDENTIFIER = org.gawley.Widgety.WidgetyWidget;
				PRODUCT_NAME = "$(TARGET_NAME)";
				SDKROOT = iphoneos;
				SKIP_INSTALL = YES;
				SWIFT_EMIT_LOC_STRINGS = YES;
				SWIFT_VERSION = 5.0;
				TARGETED_DEVICE_FAMILY = "1,2";
				VALIDATE_PRODUCT = YES;
			};
			name = Release;
		};
/* End XCBuildConfiguration section */

/* Begin XCConfigurationList section */
		40C4E7E72AF817D00067CA63 /* Build configuration list for PBXProject "Widgety" */ = {
			isa = XCConfigurationList;
			buildConfigurations = (
				40C4E7F92AF817D30067CA63 /* Debug */,
				40C4E7FA2AF817D30067CA63 /* Release */,
			);
			defaultConfigurationIsVisible = 0;
			defaultConfigurationName = Release;
		};
		40C4E7FB2AF817D30067CA63 /* Build configuration list for PBXNativeTarget "Widgety" */ = {
			isa = XCConfigurationList;
			buildConfigurations = (
				40C4E7FC2AF817D30067CA63 /* Debug */,
				40C4E7FD2AF817D30067CA63 /* Release */,
			);
			defaultConfigurationIsVisible = 0;
			defaultConfigurationName = Release;
		};
		40C4E8152AF818590067CA63 /* Build configuration list for PBXNativeTarget "WidgetyWidgetExtension" */ = {
			isa = XCConfigurationList;
			buildConfigurations = (
				40C4E8162AF818590067CA63 /* Debug */,
				40C4E8172AF818590067CA63 /* Release */,
			);
			defaultConfigurationIsVisible = 0;
			defaultConfigurationName = Release;
		};
/* End XCConfigurationList section */
	};
	rootObject = 40C4E7E42AF817D00067CA63 /* Project object */;
}
